
Microsoft Visual Studio Solution File, Format Version 12.00
# Visual Studio Version 17
VisualStudioVersion = 17.10.35013.160
MinimumVisualStudioVersion = 10.0.40219.1
Project("{FAE04EC0-301F-11D3-BF4B-00C04F79EFBC}") = "Predicty", "Predicty\Predicty.csproj", "{EDBF9F97-9B24-436D-A109-125515F638F9}"
EndProject
Global
	GlobalSection(SolutionConfigurationPlatforms) = preSolution
		Debug|Any CPU = Debug|Any CPU
		Release|Any CPU = Release|Any CPU
	EndGlobalSection
	GlobalSection(ProjectConfigurationPlatforms) = postSolution
		{EDBF9F97-9B24-436D-A109-125515F638F9}.Debug|Any CPU.ActiveCfg = Debug|Any CPU
		{EDBF9F97-9B24-436D-A109-125515F638F9}.Debug|Any CPU.Build.0 = Debug|Any CPU
		{EDBF9F97-9B24-436D-A109-125515F638F9}.Release|Any CPU.ActiveCfg = Release|Any CPU
		{EDBF9F97-9B24-436D-A109-125515F638F9}.Release|Any CPU.Build.0 = Release|Any CPU
	EndGlobalSection
	GlobalSection(SolutionProperties) = preSolution
		HideSolutionNode = FALSE
	EndGlobalSection
	GlobalSection(ExtensibilityGlobals) = postSolution
		SolutionGuid = {C69CBCAD-0FF4-4672-86A8-AA677A6FC683}
	EndGlobalSection
EndGlobal
